
Microsoft Visual Studio Solution File, Format Version 12.00
# Visual Studio Version 16
VisualStudioVersion = 16.0.29613.14
MinimumVisualStudioVersion = 10.0.40219.1
Project("{8BC9CEB8-8B4A-11D0-8D11-00A0C91BC942}") = "Funciones", "Funciones.vcxproj", "{A80E0146-6EC1-4389-9249-57C40186155F}"
EndProject
Project("{8BC9CEB8-8B4A-11D0-8D11-00A0C91BC942}") = "Plantilla", "Plantilla\Plantilla.vcxproj", "{836A097C-2F4D-4C80-BC77-31B73E48800B}"
EndProject
Project("{8BC9CEB8-8B4A-11D0-8D11-00A0C91BC942}") = "Multiplicar", "Multiplicar\Multiplicar.vcxproj", "{B3712A65-AB40-4398-B4C2-60ECCE211576}"
EndProject
Project("{8BC9CEB8-8B4A-11D0-8D11-00A0C91BC942}") = "maximo", "maximo\maximo.vcxproj", "{5D68E2E0-0E10-4F36-B131-C50F483BF409}"
EndProject
Global
	GlobalSection(SolutionConfigurationPlatforms) = preSolution
		Debug|x64 = Debug|x64
		Debug|x86 = Debug|x86
		Release|x64 = Release|x64
		Release|x86 = Release|x86
	EndGlobalSection
	GlobalSection(ProjectConfigurationPlatforms) = postSolution
		{A80E0146-6EC1-4389-9249-57C40186155F}.Debug|x64.ActiveCfg = Debug|x64
		{A80E0146-6EC1-4389-9249-57C40186155F}.Debug|x64.Build.0 = Debug|x64
		{A80E0146-6EC1-4389-9249-57C40186155F}.Debug|x86.ActiveCfg = Debug|Win32
		{A80E0146-6EC1-4389-9249-57C40186155F}.Debug|x86.Build.0 = Debug|Win32
		{A80E0146-6EC1-4389-9249-57C40186155F}.Release|x64.ActiveCfg = Release|x64
		{A80E0146-6EC1-4389-9249-57C40186155F}.Release|x64.Build.0 = Release|x64
		{A80E0146-6EC1-4389-9249-57C40186155F}.Release|x86.ActiveCfg = Release|Win32
		{A80E0146-6EC1-4389-9249-57C40186155F}.Release|x86.Build.0 = Release|Win32
		{836A097C-2F4D-4C80-BC77-31B73E48800B}.Debug|x64.ActiveCfg = Debug|x64
		{836A097C-2F4D-4C80-BC77-31B73E48800B}.Debug|x64.Build.0 = Debug|x64
		{836A097C-2F4D-4C80-BC77-31B73E48800B}.Debug|x86.ActiveCfg = Debug|Win32
		{836A097C-2F4D-4C80-BC77-31B73E48800B}.Debug|x86.Build.0 = Debug|Win32
		{836A097C-2F4D-4C80-BC77-31B73E48800B}.Release|x64.ActiveCfg = Release|x64
		{836A097C-2F4D-4C80-BC77-31B73E48800B}.Release|x64.Build.0 = Release|x64
		{836A097C-2F4D-4C80-BC77-31B73E48800B}.Release|x86.ActiveCfg = Release|Win32
		{836A097C-2F4D-4C80-BC77-31B73E48800B}.Release|x86.Build.0 = Release|Win32
		{B3712A65-AB40-4398-B4C2-60ECCE211576}.Debug|x64.ActiveCfg = Debug|x64
		{B3712A65-AB40-4398-B4C2-60ECCE211576}.Debug|x64.Build.0 = Debug|x64
		{B3712A65-AB40-4398-B4C2-60ECCE211576}.Debug|x86.ActiveCfg = Debug|Win32
		{B3712A65-AB40-4398-B4C2-60ECCE211576}.Debug|x86.Build.0 = Debug|Win32
		{B3712A65-AB40-4398-B4C2-60ECCE211576}.Release|x64.ActiveCfg = Release|x64
		{B3712A65-AB40-4398-B4C2-60ECCE211576}.Release|x64.Build.0 = Release|x64
		{B3712A65-AB40-4398-B4C2-60ECCE211576}.Release|x86.ActiveCfg = Release|Win32
		{B3712A65-AB40-4398-B4C2-60ECCE211576}.Release|x86.Build.0 = Release|Win32
		{5D68E2E0-0E10-4F36-B131-C50F483BF409}.Debug|x64.ActiveCfg = Debug|x64
		{5D68E2E0-0E10-4F36-B131-C50F483BF409}.Debug|x64.Build.0 = Debug|x64
		{5D68E2E0-0E10-4F36-B131-C50F483BF409}.Debug|x86.ActiveCfg = Debug|Win32
		{5D68E2E0-0E10-4F36-B131-C50F483BF409}.Debug|x86.Build.0 = Debug|Win32
		{5D68E2E0-0E10-4F36-B131-C50F483BF409}.Release|x64.ActiveCfg = Release|x64
		{5D68E2E0-0E10-4F36-B131-C50F483BF409}.Release|x64.Build.0 = Release|x64
		{5D68E2E0-0E10-4F36-B131-C50F483BF409}.Release|x86.ActiveCfg = Release|Win32
		{5D68E2E0-0E10-4F36-B131-C50F483BF409}.Release|x86.Build.0 = Release|Win32
	EndGlobalSection
	GlobalSection(SolutionProperties) = preSolution
		HideSolutionNode = FALSE
	EndGlobalSection
	GlobalSection(ExtensibilityGlobals) = postSolution
		SolutionGuid = {1380EB0B-C071-4EA5-909B-BB543DE5E1A4}
	EndGlobalSection
EndGlobal
