
Microsoft Visual Studio Solution File, Format Version 12.00
# Visual Studio Version 16
VisualStudioVersion = 16.0.29613.14
MinimumVisualStudioVersion = 10.0.40219.1
Project("{8BC9CEB8-8B4A-11D0-8D11-00A0C91BC942}") = "Funciones", "Funciones.vcxproj", "{A80E0146-6EC1-4389-9249-57C40186155F}"
EndProject
Project("{8BC9CEB8-8B4A-11D0-8D11-00A0C91BC942}") = "Plantilla", "Plantilla\Plantilla.vcxproj", "{836A097C-2F4D-4C80-BC77-31B73E48800B}"
EndProject
Project("{8BC9CEB8-8B4A-11D0-8D11-00A0C91BC942}") = "Multiplicar", "Multiplicar\Multiplicar.vcxproj", "{B3712A65-AB40-4398-B4C2-60ECCE211576}"
EndProject
Project("{8BC9CEB8-8B4A-11D0-8D11-00A0C91BC942}") = "maximo", "maximo\maximo.vcxproj", "{5D68E2E0-0E10-4F36-B131-C50F483BF409}"
EndProject
Project("{8BC9CEB8-8B4A-11D0-8D11-00A0C91BC942}") = "Paso_refereancia", "Paso_refereancia\Paso_refereancia.vcxproj", "{4AAF11B1-8767-4465-8E25-1C0CCBE37B9A}"
EndProject
Project("{8BC9CEB8-8B4A-11D0-8D11-00A0C91BC942}") = "Billetes", "Billetes\Billetes.vcxproj", "{7827A53B-DEFC-4834-A7CF-1378261C8FE1}"
EndProject
Project("{8BC9CEB8-8B4A-11D0-8D11-00A0C91BC942}") = "Horas", "Horas\Horas.vcxproj", "{9A03FE72-A573-4F81-BD5E-3744FFCD3227}"
EndProject
Project("{8BC9CEB8-8B4A-11D0-8D11-00A0C91BC942}") = "fecha", "fecha\fecha.vcxproj", "{6ECFDBB2-51CF-43BA-9C42-529CEBF7EBF5}"
EndProject
Project("{8BC9CEB8-8B4A-11D0-8D11-00A0C91BC942}") = "aureo", "..\math\aureo\aureo.vcxproj", "{F3CCBBFA-1054-492E-9034-EFF4D597DA69}"
EndProject
Project("{8BC9CEB8-8B4A-11D0-8D11-00A0C91BC942}") = "vector_1", "vector_1\vector_1.vcxproj", "{A26D8B92-67E5-4444-80DB-3925D23F6394}"
EndProject
Project("{8BC9CEB8-8B4A-11D0-8D11-00A0C91BC942}") = "Suma_vector", "Suma_vector\Suma_vector.vcxproj", "{AFE0C2C1-2220-4327-A202-4D0136E8ECEB}"
EndProject
Project("{8BC9CEB8-8B4A-11D0-8D11-00A0C91BC942}") = "Ordenacion_vector", "Ordenacion_vector\Ordenacion_vector.vcxproj", "{95CE6875-BEDE-4583-975F-A40683A2E357}"
EndProject
Project("{8BC9CEB8-8B4A-11D0-8D11-00A0C91BC942}") = "Cambia_signo", "Cambia_signo\Cambia_signo.vcxproj", "{9E14B96A-8B98-494F-BD8E-4E48DE899C09}"
EndProject
Project("{8BC9CEB8-8B4A-11D0-8D11-00A0C91BC942}") = "Impar_vector", "Impar_vector\Impar_vector.vcxproj", "{FFF7F7EA-4200-4B87-8EC7-BC8613C9E794}"
EndProject
Project("{8BC9CEB8-8B4A-11D0-8D11-00A0C91BC942}") = "Matriz_cuadrado", "Matriz_cuadrado\Matriz_cuadrado.vcxproj", "{D9A8BDB0-7D3C-48F7-B0F7-844D8DCDE7BE}"
EndProject
Project("{8BC9CEB8-8B4A-11D0-8D11-00A0C91BC942}") = "Matriz_simetrica", "Matriz_simetrica\Matriz_simetrica.vcxproj", "{73C2BA63-A579-496E-9040-72247EBB70B1}"
EndProject
Project("{8BC9CEB8-8B4A-11D0-8D11-00A0C91BC942}") = "MinimoFile", "MinimoFile\MinimoFile.vcxproj", "{39B3B334-B419-4EC6-92C1-689A72735308}"
EndProject
Project("{8BC9CEB8-8B4A-11D0-8D11-00A0C91BC942}") = "Estructura_funcion", "Estructura_funcion\Estructura_funcion.vcxproj", "{5AC72DA3-086A-4A52-93C3-DF0103744579}"
EndProject
Project("{8BC9CEB8-8B4A-11D0-8D11-00A0C91BC942}") = "Suma_complejos", "Suma_complejos\Suma_complejos.vcxproj", "{BE95F42A-5B6F-4CC6-BCB9-58585D810300}"
EndProject
Project("{8BC9CEB8-8B4A-11D0-8D11-00A0C91BC942}") = "fechas_2", "fechas_2\fechas_2.vcxproj", "{B112DB3F-8F82-4B43-9785-FA35B3B48C80}"
EndProject
Project("{8BC9CEB8-8B4A-11D0-8D11-00A0C91BC942}") = "factorial", "factorial\factorial.vcxproj", "{B726D126-02E6-4DF5-A4F7-0A4B20D01C2E}"
EndProject
Project("{8BC9CEB8-8B4A-11D0-8D11-00A0C91BC942}") = "Fibonacci", "Fibonacci\Fibonacci.vcxproj", "{3C9B3746-29B8-4C52-8F0C-99BA6E727DE7}"
EndProject
Project("{8BC9CEB8-8B4A-11D0-8D11-00A0C91BC942}") = "Potencia_recursiva", "Potencia_recursiva\Potencia_recursiva.vcxproj", "{5EE679D5-DD5E-49A4-8614-1CCE129E41F3}"
EndProject
Global
	GlobalSection(SolutionConfigurationPlatforms) = preSolution
		Debug|x64 = Debug|x64
		Debug|x86 = Debug|x86
		Release|x64 = Release|x64
		Release|x86 = Release|x86
	EndGlobalSection
	GlobalSection(ProjectConfigurationPlatforms) = postSolution
		{A80E0146-6EC1-4389-9249-57C40186155F}.Debug|x64.ActiveCfg = Debug|x64
		{A80E0146-6EC1-4389-9249-57C40186155F}.Debug|x64.Build.0 = Debug|x64
		{A80E0146-6EC1-4389-9249-57C40186155F}.Debug|x86.ActiveCfg = Debug|Win32
		{A80E0146-6EC1-4389-9249-57C40186155F}.Debug|x86.Build.0 = Debug|Win32
		{A80E0146-6EC1-4389-9249-57C40186155F}.Release|x64.ActiveCfg = Release|x64
		{A80E0146-6EC1-4389-9249-57C40186155F}.Release|x64.Build.0 = Release|x64
		{A80E0146-6EC1-4389-9249-57C40186155F}.Release|x86.ActiveCfg = Release|Win32
		{A80E0146-6EC1-4389-9249-57C40186155F}.Release|x86.Build.0 = Release|Win32
		{836A097C-2F4D-4C80-BC77-31B73E48800B}.Debug|x64.ActiveCfg = Debug|x64
		{836A097C-2F4D-4C80-BC77-31B73E48800B}.Debug|x64.Build.0 = Debug|x64
		{836A097C-2F4D-4C80-BC77-31B73E48800B}.Debug|x86.ActiveCfg = Debug|Win32
		{836A097C-2F4D-4C80-BC77-31B73E48800B}.Debug|x86.Build.0 = Debug|Win32
		{836A097C-2F4D-4C80-BC77-31B73E48800B}.Release|x64.ActiveCfg = Release|x64
		{836A097C-2F4D-4C80-BC77-31B73E48800B}.Release|x64.Build.0 = Release|x64
		{836A097C-2F4D-4C80-BC77-31B73E48800B}.Release|x86.ActiveCfg = Release|Win32
		{836A097C-2F4D-4C80-BC77-31B73E48800B}.Release|x86.Build.0 = Release|Win32
		{B3712A65-AB40-4398-B4C2-60ECCE211576}.Debug|x64.ActiveCfg = Debug|x64
		{B3712A65-AB40-4398-B4C2-60ECCE211576}.Debug|x64.Build.0 = Debug|x64
		{B3712A65-AB40-4398-B4C2-60ECCE211576}.Debug|x86.ActiveCfg = Debug|Win32
		{B3712A65-AB40-4398-B4C2-60ECCE211576}.Debug|x86.Build.0 = Debug|Win32
		{B3712A65-AB40-4398-B4C2-60ECCE211576}.Release|x64.ActiveCfg = Release|x64
		{B3712A65-AB40-4398-B4C2-60ECCE211576}.Release|x64.Build.0 = Release|x64
		{B3712A65-AB40-4398-B4C2-60ECCE211576}.Release|x86.ActiveCfg = Release|Win32
		{B3712A65-AB40-4398-B4C2-60ECCE211576}.Release|x86.Build.0 = Release|Win32
		{5D68E2E0-0E10-4F36-B131-C50F483BF409}.Debug|x64.ActiveCfg = Debug|x64
		{5D68E2E0-0E10-4F36-B131-C50F483BF409}.Debug|x64.Build.0 = Debug|x64
		{5D68E2E0-0E10-4F36-B131-C50F483BF409}.Debug|x86.ActiveCfg = Debug|Win32
		{5D68E2E0-0E10-4F36-B131-C50F483BF409}.Debug|x86.Build.0 = Debug|Win32
		{5D68E2E0-0E10-4F36-B131-C50F483BF409}.Release|x64.ActiveCfg = Release|x64
		{5D68E2E0-0E10-4F36-B131-C50F483BF409}.Release|x64.Build.0 = Release|x64
		{5D68E2E0-0E10-4F36-B131-C50F483BF409}.Release|x86.ActiveCfg = Release|Win32
		{5D68E2E0-0E10-4F36-B131-C50F483BF409}.Release|x86.Build.0 = Release|Win32
		{4AAF11B1-8767-4465-8E25-1C0CCBE37B9A}.Debug|x64.ActiveCfg = Debug|x64
		{4AAF11B1-8767-4465-8E25-1C0CCBE37B9A}.Debug|x64.Build.0 = Debug|x64
		{4AAF11B1-8767-4465-8E25-1C0CCBE37B9A}.Debug|x86.ActiveCfg = Debug|Win32
		{4AAF11B1-8767-4465-8E25-1C0CCBE37B9A}.Debug|x86.Build.0 = Debug|Win32
		{4AAF11B1-8767-4465-8E25-1C0CCBE37B9A}.Release|x64.ActiveCfg = Release|x64
		{4AAF11B1-8767-4465-8E25-1C0CCBE37B9A}.Release|x64.Build.0 = Release|x64
		{4AAF11B1-8767-4465-8E25-1C0CCBE37B9A}.Release|x86.ActiveCfg = Release|Win32
		{4AAF11B1-8767-4465-8E25-1C0CCBE37B9A}.Release|x86.Build.0 = Release|Win32
		{7827A53B-DEFC-4834-A7CF-1378261C8FE1}.Debug|x64.ActiveCfg = Debug|x64
		{7827A53B-DEFC-4834-A7CF-1378261C8FE1}.Debug|x64.Build.0 = Debug|x64
		{7827A53B-DEFC-4834-A7CF-1378261C8FE1}.Debug|x86.ActiveCfg = Debug|Win32
		{7827A53B-DEFC-4834-A7CF-1378261C8FE1}.Debug|x86.Build.0 = Debug|Win32
		{7827A53B-DEFC-4834-A7CF-1378261C8FE1}.Release|x64.ActiveCfg = Release|x64
		{7827A53B-DEFC-4834-A7CF-1378261C8FE1}.Release|x64.Build.0 = Release|x64
		{7827A53B-DEFC-4834-A7CF-1378261C8FE1}.Release|x86.ActiveCfg = Release|Win32
		{7827A53B-DEFC-4834-A7CF-1378261C8FE1}.Release|x86.Build.0 = Release|Win32
		{9A03FE72-A573-4F81-BD5E-3744FFCD3227}.Debug|x64.ActiveCfg = Debug|x64
		{9A03FE72-A573-4F81-BD5E-3744FFCD3227}.Debug|x64.Build.0 = Debug|x64
		{9A03FE72-A573-4F81-BD5E-3744FFCD3227}.Debug|x86.ActiveCfg = Debug|Win32
		{9A03FE72-A573-4F81-BD5E-3744FFCD3227}.Debug|x86.Build.0 = Debug|Win32
		{9A03FE72-A573-4F81-BD5E-3744FFCD3227}.Release|x64.ActiveCfg = Release|x64
		{9A03FE72-A573-4F81-BD5E-3744FFCD3227}.Release|x64.Build.0 = Release|x64
		{9A03FE72-A573-4F81-BD5E-3744FFCD3227}.Release|x86.ActiveCfg = Release|Win32
		{9A03FE72-A573-4F81-BD5E-3744FFCD3227}.Release|x86.Build.0 = Release|Win32
		{6ECFDBB2-51CF-43BA-9C42-529CEBF7EBF5}.Debug|x64.ActiveCfg = Debug|x64
		{6ECFDBB2-51CF-43BA-9C42-529CEBF7EBF5}.Debug|x64.Build.0 = Debug|x64
		{6ECFDBB2-51CF-43BA-9C42-529CEBF7EBF5}.Debug|x86.ActiveCfg = Debug|Win32
		{6ECFDBB2-51CF-43BA-9C42-529CEBF7EBF5}.Debug|x86.Build.0 = Debug|Win32
		{6ECFDBB2-51CF-43BA-9C42-529CEBF7EBF5}.Release|x64.ActiveCfg = Release|x64
		{6ECFDBB2-51CF-43BA-9C42-529CEBF7EBF5}.Release|x64.Build.0 = Release|x64
		{6ECFDBB2-51CF-43BA-9C42-529CEBF7EBF5}.Release|x86.ActiveCfg = Release|Win32
		{6ECFDBB2-51CF-43BA-9C42-529CEBF7EBF5}.Release|x86.Build.0 = Release|Win32
		{F3CCBBFA-1054-492E-9034-EFF4D597DA69}.Debug|x64.ActiveCfg = Debug|x64
		{F3CCBBFA-1054-492E-9034-EFF4D597DA69}.Debug|x64.Build.0 = Debug|x64
		{F3CCBBFA-1054-492E-9034-EFF4D597DA69}.Debug|x86.ActiveCfg = Debug|Win32
		{F3CCBBFA-1054-492E-9034-EFF4D597DA69}.Debug|x86.Build.0 = Debug|Win32
		{F3CCBBFA-1054-492E-9034-EFF4D597DA69}.Release|x64.ActiveCfg = Release|x64
		{F3CCBBFA-1054-492E-9034-EFF4D597DA69}.Release|x64.Build.0 = Release|x64
		{F3CCBBFA-1054-492E-9034-EFF4D597DA69}.Release|x86.ActiveCfg = Release|Win32
		{F3CCBBFA-1054-492E-9034-EFF4D597DA69}.Release|x86.Build.0 = Release|Win32
		{A26D8B92-67E5-4444-80DB-3925D23F6394}.Debug|x64.ActiveCfg = Debug|x64
		{A26D8B92-67E5-4444-80DB-3925D23F6394}.Debug|x64.Build.0 = Debug|x64
		{A26D8B92-67E5-4444-80DB-3925D23F6394}.Debug|x86.ActiveCfg = Debug|Win32
		{A26D8B92-67E5-4444-80DB-3925D23F6394}.Debug|x86.Build.0 = Debug|Win32
		{A26D8B92-67E5-4444-80DB-3925D23F6394}.Release|x64.ActiveCfg = Release|x64
		{A26D8B92-67E5-4444-80DB-3925D23F6394}.Release|x64.Build.0 = Release|x64
		{A26D8B92-67E5-4444-80DB-3925D23F6394}.Release|x86.ActiveCfg = Release|Win32
		{A26D8B92-67E5-4444-80DB-3925D23F6394}.Release|x86.Build.0 = Release|Win32
		{AFE0C2C1-2220-4327-A202-4D0136E8ECEB}.Debug|x64.ActiveCfg = Debug|x64
		{AFE0C2C1-2220-4327-A202-4D0136E8ECEB}.Debug|x64.Build.0 = Debug|x64
		{AFE0C2C1-2220-4327-A202-4D0136E8ECEB}.Debug|x86.ActiveCfg = Debug|Win32
		{AFE0C2C1-2220-4327-A202-4D0136E8ECEB}.Debug|x86.Build.0 = Debug|Win32
		{AFE0C2C1-2220-4327-A202-4D0136E8ECEB}.Release|x64.ActiveCfg = Release|x64
		{AFE0C2C1-2220-4327-A202-4D0136E8ECEB}.Release|x64.Build.0 = Release|x64
		{AFE0C2C1-2220-4327-A202-4D0136E8ECEB}.Release|x86.ActiveCfg = Release|Win32
		{AFE0C2C1-2220-4327-A202-4D0136E8ECEB}.Release|x86.Build.0 = Release|Win32
		{95CE6875-BEDE-4583-975F-A40683A2E357}.Debug|x64.ActiveCfg = Debug|x64
		{95CE6875-BEDE-4583-975F-A40683A2E357}.Debug|x64.Build.0 = Debug|x64
		{95CE6875-BEDE-4583-975F-A40683A2E357}.Debug|x86.ActiveCfg = Debug|Win32
		{95CE6875-BEDE-4583-975F-A40683A2E357}.Debug|x86.Build.0 = Debug|Win32
		{95CE6875-BEDE-4583-975F-A40683A2E357}.Release|x64.ActiveCfg = Release|x64
		{95CE6875-BEDE-4583-975F-A40683A2E357}.Release|x64.Build.0 = Release|x64
		{95CE6875-BEDE-4583-975F-A40683A2E357}.Release|x86.ActiveCfg = Release|Win32
		{95CE6875-BEDE-4583-975F-A40683A2E357}.Release|x86.Build.0 = Release|Win32
		{9E14B96A-8B98-494F-BD8E-4E48DE899C09}.Debug|x64.ActiveCfg = Debug|x64
		{9E14B96A-8B98-494F-BD8E-4E48DE899C09}.Debug|x64.Build.0 = Debug|x64
		{9E14B96A-8B98-494F-BD8E-4E48DE899C09}.Debug|x86.ActiveCfg = Debug|Win32
		{9E14B96A-8B98-494F-BD8E-4E48DE899C09}.Debug|x86.Build.0 = Debug|Win32
		{9E14B96A-8B98-494F-BD8E-4E48DE899C09}.Release|x64.ActiveCfg = Release|x64
		{9E14B96A-8B98-494F-BD8E-4E48DE899C09}.Release|x64.Build.0 = Release|x64
		{9E14B96A-8B98-494F-BD8E-4E48DE899C09}.Release|x86.ActiveCfg = Release|Win32
		{9E14B96A-8B98-494F-BD8E-4E48DE899C09}.Release|x86.Build.0 = Release|Win32
		{FFF7F7EA-4200-4B87-8EC7-BC8613C9E794}.Debug|x64.ActiveCfg = Debug|x64
		{FFF7F7EA-4200-4B87-8EC7-BC8613C9E794}.Debug|x64.Build.0 = Debug|x64
		{FFF7F7EA-4200-4B87-8EC7-BC8613C9E794}.Debug|x86.ActiveCfg = Debug|Win32
		{FFF7F7EA-4200-4B87-8EC7-BC8613C9E794}.Debug|x86.Build.0 = Debug|Win32
		{FFF7F7EA-4200-4B87-8EC7-BC8613C9E794}.Release|x64.ActiveCfg = Release|x64
		{FFF7F7EA-4200-4B87-8EC7-BC8613C9E794}.Release|x64.Build.0 = Release|x64
		{FFF7F7EA-4200-4B87-8EC7-BC8613C9E794}.Release|x86.ActiveCfg = Release|Win32
		{FFF7F7EA-4200-4B87-8EC7-BC8613C9E794}.Release|x86.Build.0 = Release|Win32
		{D9A8BDB0-7D3C-48F7-B0F7-844D8DCDE7BE}.Debug|x64.ActiveCfg = Debug|x64
		{D9A8BDB0-7D3C-48F7-B0F7-844D8DCDE7BE}.Debug|x64.Build.0 = Debug|x64
		{D9A8BDB0-7D3C-48F7-B0F7-844D8DCDE7BE}.Debug|x86.ActiveCfg = Debug|Win32
		{D9A8BDB0-7D3C-48F7-B0F7-844D8DCDE7BE}.Debug|x86.Build.0 = Debug|Win32
		{D9A8BDB0-7D3C-48F7-B0F7-844D8DCDE7BE}.Release|x64.ActiveCfg = Release|x64
		{D9A8BDB0-7D3C-48F7-B0F7-844D8DCDE7BE}.Release|x64.Build.0 = Release|x64
		{D9A8BDB0-7D3C-48F7-B0F7-844D8DCDE7BE}.Release|x86.ActiveCfg = Release|Win32
		{D9A8BDB0-7D3C-48F7-B0F7-844D8DCDE7BE}.Release|x86.Build.0 = Release|Win32
		{73C2BA63-A579-496E-9040-72247EBB70B1}.Debug|x64.ActiveCfg = Debug|x64
		{73C2BA63-A579-496E-9040-72247EBB70B1}.Debug|x64.Build.0 = Debug|x64
		{73C2BA63-A579-496E-9040-72247EBB70B1}.Debug|x86.ActiveCfg = Debug|Win32
		{73C2BA63-A579-496E-9040-72247EBB70B1}.Debug|x86.Build.0 = Debug|Win32
		{73C2BA63-A579-496E-9040-72247EBB70B1}.Release|x64.ActiveCfg = Release|x64
		{73C2BA63-A579-496E-9040-72247EBB70B1}.Release|x64.Build.0 = Release|x64
		{73C2BA63-A579-496E-9040-72247EBB70B1}.Release|x86.ActiveCfg = Release|Win32
		{73C2BA63-A579-496E-9040-72247EBB70B1}.Release|x86.Build.0 = Release|Win32
		{39B3B334-B419-4EC6-92C1-689A72735308}.Debug|x64.ActiveCfg = Debug|x64
		{39B3B334-B419-4EC6-92C1-689A72735308}.Debug|x64.Build.0 = Debug|x64
		{39B3B334-B419-4EC6-92C1-689A72735308}.Debug|x86.ActiveCfg = Debug|Win32
		{39B3B334-B419-4EC6-92C1-689A72735308}.Debug|x86.Build.0 = Debug|Win32
		{39B3B334-B419-4EC6-92C1-689A72735308}.Release|x64.ActiveCfg = Release|x64
		{39B3B334-B419-4EC6-92C1-689A72735308}.Release|x64.Build.0 = Release|x64
		{39B3B334-B419-4EC6-92C1-689A72735308}.Release|x86.ActiveCfg = Release|Win32
		{39B3B334-B419-4EC6-92C1-689A72735308}.Release|x86.Build.0 = Release|Win32
		{5AC72DA3-086A-4A52-93C3-DF0103744579}.Debug|x64.ActiveCfg = Debug|x64
		{5AC72DA3-086A-4A52-93C3-DF0103744579}.Debug|x64.Build.0 = Debug|x64
		{5AC72DA3-086A-4A52-93C3-DF0103744579}.Debug|x86.ActiveCfg = Debug|Win32
		{5AC72DA3-086A-4A52-93C3-DF0103744579}.Debug|x86.Build.0 = Debug|Win32
		{5AC72DA3-086A-4A52-93C3-DF0103744579}.Release|x64.ActiveCfg = Release|x64
		{5AC72DA3-086A-4A52-93C3-DF0103744579}.Release|x64.Build.0 = Release|x64
		{5AC72DA3-086A-4A52-93C3-DF0103744579}.Release|x86.ActiveCfg = Release|Win32
		{5AC72DA3-086A-4A52-93C3-DF0103744579}.Release|x86.Build.0 = Release|Win32
		{BE95F42A-5B6F-4CC6-BCB9-58585D810300}.Debug|x64.ActiveCfg = Debug|x64
		{BE95F42A-5B6F-4CC6-BCB9-58585D810300}.Debug|x64.Build.0 = Debug|x64
		{BE95F42A-5B6F-4CC6-BCB9-58585D810300}.Debug|x86.ActiveCfg = Debug|Win32
		{BE95F42A-5B6F-4CC6-BCB9-58585D810300}.Debug|x86.Build.0 = Debug|Win32
		{BE95F42A-5B6F-4CC6-BCB9-58585D810300}.Release|x64.ActiveCfg = Release|x64
		{BE95F42A-5B6F-4CC6-BCB9-58585D810300}.Release|x64.Build.0 = Release|x64
		{BE95F42A-5B6F-4CC6-BCB9-58585D810300}.Release|x86.ActiveCfg = Release|Win32
		{BE95F42A-5B6F-4CC6-BCB9-58585D810300}.Release|x86.Build.0 = Release|Win32
		{B112DB3F-8F82-4B43-9785-FA35B3B48C80}.Debug|x64.ActiveCfg = Debug|x64
		{B112DB3F-8F82-4B43-9785-FA35B3B48C80}.Debug|x64.Build.0 = Debug|x64
		{B112DB3F-8F82-4B43-9785-FA35B3B48C80}.Debug|x86.ActiveCfg = Debug|Win32
		{B112DB3F-8F82-4B43-9785-FA35B3B48C80}.Debug|x86.Build.0 = Debug|Win32
		{B112DB3F-8F82-4B43-9785-FA35B3B48C80}.Release|x64.ActiveCfg = Release|x64
		{B112DB3F-8F82-4B43-9785-FA35B3B48C80}.Release|x64.Build.0 = Release|x64
		{B112DB3F-8F82-4B43-9785-FA35B3B48C80}.Release|x86.ActiveCfg = Release|Win32
		{B112DB3F-8F82-4B43-9785-FA35B3B48C80}.Release|x86.Build.0 = Release|Win32
		{B726D126-02E6-4DF5-A4F7-0A4B20D01C2E}.Debug|x64.ActiveCfg = Debug|x64
		{B726D126-02E6-4DF5-A4F7-0A4B20D01C2E}.Debug|x64.Build.0 = Debug|x64
		{B726D126-02E6-4DF5-A4F7-0A4B20D01C2E}.Debug|x86.ActiveCfg = Debug|Win32
		{B726D126-02E6-4DF5-A4F7-0A4B20D01C2E}.Debug|x86.Build.0 = Debug|Win32
		{B726D126-02E6-4DF5-A4F7-0A4B20D01C2E}.Release|x64.ActiveCfg = Release|x64
		{B726D126-02E6-4DF5-A4F7-0A4B20D01C2E}.Release|x64.Build.0 = Release|x64
		{B726D126-02E6-4DF5-A4F7-0A4B20D01C2E}.Release|x86.ActiveCfg = Release|Win32
		{B726D126-02E6-4DF5-A4F7-0A4B20D01C2E}.Release|x86.Build.0 = Release|Win32
		{3C9B3746-29B8-4C52-8F0C-99BA6E727DE7}.Debug|x64.ActiveCfg = Debug|x64
		{3C9B3746-29B8-4C52-8F0C-99BA6E727DE7}.Debug|x64.Build.0 = Debug|x64
		{3C9B3746-29B8-4C52-8F0C-99BA6E727DE7}.Debug|x86.ActiveCfg = Debug|Win32
		{3C9B3746-29B8-4C52-8F0C-99BA6E727DE7}.Debug|x86.Build.0 = Debug|Win32
		{3C9B3746-29B8-4C52-8F0C-99BA6E727DE7}.Release|x64.ActiveCfg = Release|x64
		{3C9B3746-29B8-4C52-8F0C-99BA6E727DE7}.Release|x64.Build.0 = Release|x64
		{3C9B3746-29B8-4C52-8F0C-99BA6E727DE7}.Release|x86.ActiveCfg = Release|Win32
		{3C9B3746-29B8-4C52-8F0C-99BA6E727DE7}.Release|x86.Build.0 = Release|Win32
		{5EE679D5-DD5E-49A4-8614-1CCE129E41F3}.Debug|x64.ActiveCfg = Debug|x64
		{5EE679D5-DD5E-49A4-8614-1CCE129E41F3}.Debug|x64.Build.0 = Debug|x64
		{5EE679D5-DD5E-49A4-8614-1CCE129E41F3}.Debug|x86.ActiveCfg = Debug|Win32
		{5EE679D5-DD5E-49A4-8614-1CCE129E41F3}.Debug|x86.Build.0 = Debug|Win32
		{5EE679D5-DD5E-49A4-8614-1CCE129E41F3}.Release|x64.ActiveCfg = Release|x64
		{5EE679D5-DD5E-49A4-8614-1CCE129E41F3}.Release|x64.Build.0 = Release|x64
		{5EE679D5-DD5E-49A4-8614-1CCE129E41F3}.Release|x86.ActiveCfg = Release|Win32
		{5EE679D5-DD5E-49A4-8614-1CCE129E41F3}.Release|x86.Build.0 = Release|Win32
	EndGlobalSection
	GlobalSection(SolutionProperties) = preSolution
		HideSolutionNode = FALSE
	EndGlobalSection
	GlobalSection(ExtensibilityGlobals) = postSolution
		SolutionGuid = {1380EB0B-C071-4EA5-909B-BB543DE5E1A4}
	EndGlobalSection
EndGlobal
